{
  "requires": true,
  "lockfileVersion": 1,
  "dependencies": {
    "autosize": {
      "version": "4.0.1",
      "resolved": "https://registry.npmjs.org/autosize/-/autosize-4.0.1.tgz",
      "integrity": "sha512-Sapd3XwNqZin0VW0DFiAGfgr9s2d1Sudj2+hnE/jj6aJUKXvlaimkY+FFB2Xzm3nfD7tCaMSC2jo4sVB2EOqpw=="
    }
  }
}
